
Microsoft Visual Studio Solution File, Format Version 11.00
# Visual Studio 2010
Project("{58a98d4e-6af3-4045-a1cc-fdeb8948a53a}") = "MonoGame.Framework.PSM", "MonoGame.Framework\MonoGame.Framework.PSM.csproj", "{5CE750E0-4B99-465E-A5A4-3ABB6D0A1D17}"
EndProject
Global
	GlobalSection(SolutionConfigurationPlatforms) = preSolution
		Debug|Any CPU = Debug|Any CPU
		Release|Any CPU = Release|Any CPU
	EndGlobalSection
	GlobalSection(ProjectConfigurationPlatforms) = postSolution
		{5CE750E0-4B99-465E-A5A4-3ABB6D0A1D17}.Debug|Any CPU.ActiveCfg = Debug|Any CPU
		{5CE750E0-4B99-465E-A5A4-3ABB6D0A1D17}.Debug|Any CPU.Build.0 = Debug|Any CPU
		{5CE750E0-4B99-465E-A5A4-3ABB6D0A1D17}.Release|Any CPU.ActiveCfg = Release|Any CPU
		{5CE750E0-4B99-465E-A5A4-3ABB6D0A1D17}.Release|Any CPU.Build.0 = Release|Any CPU
	EndGlobalSection
EndGlobal
